
Microsoft Visual Studio Solution File, Format Version 12.00
# Visual Studio 2012
Project("{FAE04EC0-301F-11D3-BF4B-00C04F79EFBC}") = "SafeControl", "SafeControl.csproj", "{8B28B440-9449-4E4D-B8A6-39A886697C2A}"
EndProject
Global
	GlobalSection(SolutionConfigurationPlatforms) = preSolution
		Debug|Any CPU = Debug|Any CPU
		Release|Any CPU = Release|Any CPU
	EndGlobalSection
	GlobalSection(ProjectConfigurationPlatforms) = postSolution
		{8B28B440-9449-4E4D-B8A6-39A886697C2A}.Debug|Any CPU.ActiveCfg = Debug|Any CPU
		{8B28B440-9449-4E4D-B8A6-39A886697C2A}.Debug|Any CPU.Build.0 = Debug|Any CPU
		{8B28B440-9449-4E4D-B8A6-39A886697C2A}.Release|Any CPU.ActiveCfg = Release|Any CPU
		{8B28B440-9449-4E4D-B8A6-39A886697C2A}.Release|Any CPU.Build.0 = Release|Any CPU
	EndGlobalSection
	GlobalSection(SolutionProperties) = preSolution
		HideSolutionNode = FALSE
	EndGlobalSection
EndGlobal
